{
  "nodes": {
    "darwin": {
      "inputs": {
        "nixpkgs": [
          "nixpkgs"
        ]
      },
      "locked": {
        "lastModified": 1707707289,
        "narHash": "sha256-YuDt/eSTXMEHv8jS8BEZJgqCcG8Tr3cyqaZjJFXZHsw=",
        "owner": "LnL7",
        "repo": "nix-darwin",
        "rev": "44f50a5ecaab72a61d5fd8e5c5717bc4bf9c25dd",
        "type": "github"
      },
      "original": {
        "owner": "LnL7",
        "repo": "nix-darwin",
        "type": "github"
      }
    },
    "dotfiles": {
      "flake": false,
      "locked": {
        "lastModified": 1,
        "narHash": "sha256-Xml6lwzMPVFUYUELn7reUcJnIzOrQ97NGC0D5ZBGTLQ=",
        "path": "./dotfiles",
        "type": "path"
      },
      "original": {
        "path": "./dotfiles",
        "type": "path"
      }
    },
    "home-manager": {
      "inputs": {
        "nixpkgs": [
          "nixpkgs"
        ]
      },
      "locked": {
        "lastModified": 1708031129,
        "narHash": "sha256-EH20hJfNnc1/ODdDVat9B7aKm0B95L3YtkIRwKLvQG8=",
        "owner": "nix-community",
        "repo": "home-manager",
        "rev": "3d6791b3897b526c82920a2ab5f61d71985b3cf8",
        "type": "github"
      },
      "original": {
        "owner": "nix-community",
        "repo": "home-manager",
        "type": "github"
      }
    },
    "kmonad": {
      "inputs": {
        "nixpkgs": "nixpkgs"
      },
      "locked": {
        "dir": "nix",
        "lastModified": 1707655140,
        "narHash": "sha256-oyq3hCFqQb5Yi28PCW5k1MJnSuGfdyqOqXYH2mcPK/8=",
        "ref": "refs/heads/master",
        "rev": "70a5e97518c87ff52be4b403d774e88c5c61e3c1",
        "revCount": 785,
        "submodules": true,
        "type": "git",
        "url": "https://github.com/kmonad/kmonad?dir=nix"
      },
      "original": {
        "dir": "nix",
        "submodules": true,
        "type": "git",
        "url": "https://github.com/kmonad/kmonad?dir=nix"
      }
    },
    "nixpkgs": {
      "locked": {
        "lastModified": 1705242415,
        "narHash": "sha256-a8DRYrNrzTudvO7XHUPNJD89Wbf1ZZT0VbwCsPnHWaE=",
        "owner": "NixOS",
        "repo": "nixpkgs",
        "rev": "ea780f3de2d169f982564128804841500e85e373",
        "type": "github"
      },
      "original": {
        "owner": "NixOS",
        "ref": "nixpkgs-unstable",
        "repo": "nixpkgs",
        "type": "github"
      }
    },
    "nixpkgs_2": {
      "locked": {
        "lastModified": 1708001613,
        "narHash": "sha256-woOmAXW05XnqlLn7dKzCkRAEOSOdA/Z2ndVvKcjid94=",
        "owner": "NixOS",
        "repo": "nixpkgs",
        "rev": "085589047343aad800c4d305cf7b98e8a3d51ae2",
        "type": "github"
      },
      "original": {
        "id": "nixpkgs",
        "type": "indirect"
      }
    },
    "root": {
      "inputs": {
        "darwin": "darwin",
        "dotfiles": "dotfiles",
        "home-manager": "home-manager",
        "kmonad": "kmonad",
        "nixpkgs": "nixpkgs_2",
        "sesh": "sesh"
      }
    },
    "sesh": {
      "flake": false,
      "locked": {
        "lastModified": 1707334455,
        "narHash": "sha256-8gn4YdKHurPbPuJ+AeCB7x9IDxTtHGpYUZCKlSdujcs=",
        "owner": "joshmedeski",
        "repo": "sesh",
        "rev": "be2badd29206f66803b76b62b23f6f5e05befe08",
        "type": "github"
      },
      "original": {
        "owner": "joshmedeski",
        "repo": "sesh",
        "type": "github"
      }
    }
  },
  "root": "root",
  "version": 7
}
